// !$*UTF8*$!
{
	archiveVersion = 1;
	classes = {
	};
	objectVersion = 50;
	objects = {

/* Begin PBXBuildFile section */
		14CCB4A122245CF700EA5E10 /* AppDelegate.swift in Sources */ = {isa = PBXBuildFile; fileRef = 14CCB4A022245CF700EA5E10 /* AppDelegate.swift */; };
		14CCB4A322245CF700EA5E10 /* ViewController.swift in Sources */ = {isa = PBXBuildFile; fileRef = 14CCB4A222245CF700EA5E10 /* ViewController.swift */; };
		14CCB4A622245CF700EA5E10 /* Main.storyboard in Resources */ = {isa = PBXBuildFile; fileRef = 14CCB4A422245CF700EA5E10 /* Main.storyboard */; };
		14CCB4A822245CFB00EA5E10 /* Assets.xcassets in Resources */ = {isa = PBXBuildFile; fileRef = 14CCB4A722245CFB00EA5E10 /* Assets.xcassets */; };
		14CCB4AB22245CFB00EA5E10 /* LaunchScreen.storyboard in Resources */ = {isa = PBXBuildFile; fileRef = 14CCB4A922245CFB00EA5E10 /* LaunchScreen.storyboard */; };
		14CCB4B622245CFB00EA5E10 /* AssignMentNoteBookTests.swift in Sources */ = {isa = PBXBuildFile; fileRef = 14CCB4B522245CFB00EA5E10 /* AssignMentNoteBookTests.swift */; };
		14CCB4C122245CFB00EA5E10 /* AssignMentNoteBookUITests.swift in Sources */ = {isa = PBXBuildFile; fileRef = 14CCB4C022245CFB00EA5E10 /* AssignMentNoteBookUITests.swift */; };
		14CCB4CF22245DBE00EA5E10 /* assignment.swift in Sources */ = {isa = PBXBuildFile; fileRef = 14CCB4CE22245DBE00EA5E10 /* assignment.swift */; };
/* End PBXBuildFile section */

/* Begin PBXContainerItemProxy section */
		14CCB4B222245CFB00EA5E10 /* PBXContainerItemProxy */ = {
			isa = PBXContainerItemProxy;
			containerPortal = 14CCB49522245CF700EA5E10 /* Project object */;
			proxyType = 1;
			remoteGlobalIDString = 14CCB49C22245CF700EA5E10;
			remoteInfo = AssignMentNoteBook;
		};
		14CCB4BD22245CFB00EA5E10 /* PBXContainerItemProxy */ = {
			isa = PBXContainerItemProxy;
			containerPortal = 14CCB49522245CF700EA5E10 /* Project object */;
			proxyType = 1;
			remoteGlobalIDString = 14CCB49C22245CF700EA5E10;
			remoteInfo = AssignMentNoteBook;
		};
/* End PBXContainerItemProxy section */

/* Begin PBXFileReference section */
		14CCB49D22245CF700EA5E10 /* AssignMentNoteBook.app */ = {isa = PBXFileReference; explicitFileType = wrapper.application; includeInIndex = 0; path = AssignMentNoteBook.app; sourceTree = BUILT_PRODUCTS_DIR; };
		14CCB4A022245CF700EA5E10 /* AppDelegate.swift */ = {isa = PBXFileReference; lastKnownFileType = sourcecode.swift; path = AppDelegate.swift; sourceTree = "<group>"; };
		14CCB4A222245CF700EA5E10 /* ViewController.swift */ = {isa = PBXFileReference; lastKnownFileType = sourcecode.swift; path = ViewController.swift; sourceTree = "<group>"; };
		14CCB4A522245CF700EA5E10 /* Base */ = {isa = PBXFileReference; lastKnownFileType = file.storyboard; name = Base; path = Base.lproj/Main.storyboard; sourceTree = "<group>"; };
		14CCB4A722245CFB00EA5E10 /* Assets.xcassets */ = {isa = PBXFileReference; lastKnownFileType = folder.assetcatalog; path = Assets.xcassets; sourceTree = "<group>"; };
		14CCB4AA22245CFB00EA5E10 /* Base */ = {isa = PBXFileReference; lastKnownFileType = file.storyboard; name = Base; path = Base.lproj/LaunchScreen.storyboard; sourceTree = "<group>"; };
		14CCB4AC22245CFB00EA5E10 /* Info.plist */ = {isa = PBXFileReference; lastKnownFileType = text.plist.xml; path = Info.plist; sourceTree = "<group>"; };
		14CCB4B122245CFB00EA5E10 /* AssignMentNoteBookTests.xctest */ = {isa = PBXFileReference; explicitFileType = wrapper.cfbundle; includeInIndex = 0; path = AssignMentNoteBookTests.xctest; sourceTree = BUILT_PRODUCTS_DIR; };
		14CCB4B522245CFB00EA5E10 /* AssignMentNoteBookTests.swift */ = {isa = PBXFileReference; lastKnownFileType = sourcecode.swift; path = AssignMentNoteBookTests.swift; sourceTree = "<group>"; };
		14CCB4B722245CFB00EA5E10 /* Info.plist */ = {isa = PBXFileReference; lastKnownFileType = text.plist.xml; path = Info.plist; sourceTree = "<group>"; };
		14CCB4BC22245CFB00EA5E10 /* AssignMentNoteBookUITests.xctest */ = {isa = PBXFileReference; explicitFileType = wrapper.cfbundle; includeInIndex = 0; path = AssignMentNoteBookUITests.xctest; sourceTree = BUILT_PRODUCTS_DIR; };
		14CCB4C022245CFB00EA5E10 /* AssignMentNoteBookUITests.swift */ = {isa = PBXFileReference; lastKnownFileType = sourcecode.swift; path = AssignMentNoteBookUITests.swift; sourceTree = "<group>"; };
		14CCB4C222245CFB00EA5E10 /* Info.plist */ = {isa = PBXFileReference; lastKnownFileType = text.plist.xml; path = Info.plist; sourceTree = "<group>"; };
		14CCB4CE22245DBE00EA5E10 /* assignment.swift */ = {isa = PBXFileReference; lastKnownFileType = sourcecode.swift; path = assignment.swift; sourceTree = "<group>"; };
/* End PBXFileReference section */

/* Begin PBXFrameworksBuildPhase section */
		14CCB49A22245CF700EA5E10 /* Frameworks */ = {
			isa = PBXFrameworksBuildPhase;
			buildActionMask = 2147483647;
			files = (
			);
			runOnlyForDeploymentPostprocessing = 0;
		};
		14CCB4AE22245CFB00EA5E10 /* Frameworks */ = {
			isa = PBXFrameworksBuildPhase;
			buildActionMask = 2147483647;
			files = (
			);
			runOnlyForDeploymentPostprocessing = 0;
		};
		14CCB4B922245CFB00EA5E10 /* Frameworks */ = {
			isa = PBXFrameworksBuildPhase;
			buildActionMask = 2147483647;
			files = (
			);
			runOnlyForDeploymentPostprocessing = 0;
		};
/* End PBXFrameworksBuildPhase section */

/* Begin PBXGroup section */
		14CCB49422245CF700EA5E10 = {
			isa = PBXGroup;
			children = (
				14CCB49F22245CF700EA5E10 /* AssignMentNoteBook */,
				14CCB4B422245CFB00EA5E10 /* AssignMentNoteBookTests */,
				14CCB4BF22245CFB00EA5E10 /* AssignMentNoteBookUITests */,
				14CCB49E22245CF700EA5E10 /* Products */,
			);
			sourceTree = "<group>";
		};
		14CCB49E22245CF700EA5E10 /* Products */ = {
			isa = PBXGroup;
			children = (
				14CCB49D22245CF700EA5E10 /* AssignMentNoteBook.app */,
				14CCB4B122245CFB00EA5E10 /* AssignMentNoteBookTests.xctest */,
				14CCB4BC22245CFB00EA5E10 /* AssignMentNoteBookUITests.xctest */,
			);
			name = Products;
			sourceTree = "<group>";
		};
		14CCB49F22245CF700EA5E10 /* AssignMentNoteBook */ = {
			isa = PBXGroup;
			children = (
				14CCB4A022245CF700EA5E10 /* AppDelegate.swift */,
				14CCB4A222245CF700EA5E10 /* ViewController.swift */,
				14CCB4A422245CF700EA5E10 /* Main.storyboard */,
				14CCB4CE22245DBE00EA5E10 /* assignment.swift */,
				14CCB4A722245CFB00EA5E10 /* Assets.xcassets */,
				14CCB4A922245CFB00EA5E10 /* LaunchScreen.storyboard */,
				14CCB4AC22245CFB00EA5E10 /* Info.plist */,
			);
			path = AssignMentNoteBook;
			sourceTree = "<group>";
		};
		14CCB4B422245CFB00EA5E10 /* AssignMentNoteBookTests */ = {
			isa = PBXGroup;
			children = (
				14CCB4B522245CFB00EA5E10 /* AssignMentNoteBookTests.swift */,
				14CCB4B722245CFB00EA5E10 /* Info.plist */,
			);
			path = AssignMentNoteBookTests;
			sourceTree = "<group>";
		};
		14CCB4BF22245CFB00EA5E10 /* AssignMentNoteBookUITests */ = {
			isa = PBXGroup;
			children = (
				14CCB4C022245CFB00EA5E10 /* AssignMentNoteBookUITests.swift */,
				14CCB4C222245CFB00EA5E10 /* Info.plist */,
			);
			path = AssignMentNoteBookUITests;
			sourceTree = "<group>";
		};
/* End PBXGroup section */

/* Begin PBXNativeTarget section */
		14CCB49C22245CF700EA5E10 /* AssignMentNoteBook */ = {
			isa = PBXNativeTarget;
			buildConfigurationList = 14CCB4C522245CFB00EA5E10 /* Build configuration list for PBXNativeTarget "AssignMentNoteBook" */;
			buildPhases = (
				14CCB49922245CF700EA5E10 /* Sources */,
				14CCB49A22245CF700EA5E10 /* Frameworks */,
				14CCB49B22245CF700EA5E10 /* Resources */,
			);
			buildRules = (
			);
			dependencies = (
			);
			name = AssignMentNoteBook;
			productName = AssignMentNoteBook;
			productReference = 14CCB49D22245CF700EA5E10 /* AssignMentNoteBook.app */;
			productType = "com.apple.product-type.application";
		};
		14CCB4B022245CFB00EA5E10 /* AssignMentNoteBookTests */ = {
			isa = PBXNativeTarget;
			buildConfigurationList = 14CCB4C822245CFB00EA5E10 /* Build configuration list for PBXNativeTarget "AssignMentNoteBookTests" */;
			buildPhases = (
				14CCB4AD22245CFB00EA5E10 /* Sources */,
				14CCB4AE22245CFB00EA5E10 /* Frameworks */,
				14CCB4AF22245CFB00EA5E10 /* Resources */,
			);
			buildRules = (
			);
			dependencies = (
				14CCB4B322245CFB00EA5E10 /* PBXTargetDependency */,
			);
			name = AssignMentNoteBookTests;
			productName = AssignMentNoteBookTests;
			productReference = 14CCB4B122245CFB00EA5E10 /* AssignMentNoteBookTests.xctest */;
			productType = "com.apple.product-type.bundle.unit-test";
		};
		14CCB4BB22245CFB00EA5E10 /* AssignMentNoteBookUITests */ = {
			isa = PBXNativeTarget;
			buildConfigurationList = 14CCB4CB22245CFB00EA5E10 /* Build configuration list for PBXNativeTarget "AssignMentNoteBookUITests" */;
			buildPhases = (
				14CCB4B822245CFB00EA5E10 /* Sources */,
				14CCB4B922245CFB00EA5E10 /* Frameworks */,
				14CCB4BA22245CFB00EA5E10 /* Resources */,
			);
			buildRules = (
			);
			dependencies = (
				14CCB4BE22245CFB00EA5E10 /* PBXTargetDependency */,
			);
			name = AssignMentNoteBookUITests;
			productName = AssignMentNoteBookUITests;
			productReference = 14CCB4BC22245CFB00EA5E10 /* AssignMentNoteBookUITests.xctest */;
			productType = "com.apple.product-type.bundle.ui-testing";
		};
/* End PBXNativeTarget section */

/* Begin PBXProject section */
		14CCB49522245CF700EA5E10 /* Project object */ = {
			isa = PBXProject;
			attributes = {
				LastSwiftUpdateCheck = 1010;
				LastUpgradeCheck = 1010;
				ORGANIZATIONNAME = "Michael Linker";
				TargetAttributes = {
					14CCB49C22245CF700EA5E10 = {
						CreatedOnToolsVersion = 10.1;
					};
					14CCB4B022245CFB00EA5E10 = {
						CreatedOnToolsVersion = 10.1;
						TestTargetID = 14CCB49C22245CF700EA5E10;
					};
					14CCB4BB22245CFB00EA5E10 = {
						CreatedOnToolsVersion = 10.1;
						TestTargetID = 14CCB49C22245CF700EA5E10;
					};
				};
			};
			buildConfigurationList = 14CCB49822245CF700EA5E10 /* Build configuration list for PBXProject "AssignMentNoteBook" */;
			compatibilityVersion = "Xcode 9.3";
			developmentRegion = en;
			hasScannedForEncodings = 0;
			knownRegions = (
				en,
				Base,
			);
			mainGroup = 14CCB49422245CF700EA5E10;
			productRefGroup = 14CCB49E22245CF700EA5E10 /* Products */;
			projectDirPath = "";
			projectRoot = "";
			targets = (
				14CCB49C22245CF700EA5E10 /* AssignMentNoteBook */,
				14CCB4B022245CFB00EA5E10 /* AssignMentNoteBookTests */,
				14CCB4BB22245CFB00EA5E10 /* AssignMentNoteBookUITests */,
			);
		};
/* End PBXProject section */

/* Begin PBXResourcesBuildPhase section */
		14CCB49B22245CF700EA5E10 /* Resources */ = {
			isa = PBXResourcesBuildPhase;
			buildActionMask = 2147483647;
			files = (
				14CCB4AB22245CFB00EA5E10 /* LaunchScreen.storyboard in Resources */,
				14CCB4A822245CFB00EA5E10 /* Assets.xcassets in Resources */,
				14CCB4A622245CF700EA5E10 /* Main.storyboard in Resources */,
			);
			runOnlyForDeploymentPostprocessing = 0;
		};
		14CCB4AF22245CFB00EA5E10 /* Resources */ = {
			isa = PBXResourcesBuildPhase;
			buildActionMask = 2147483647;
			files = (
			);
			runOnlyForDeploymentPostprocessing = 0;
		};
		14CCB4BA22245CFB00EA5E10 /* Resources */ = {
			isa = PBXResourcesBuildPhase;
			buildActionMask = 2147483647;
			files = (
			);
			runOnlyForDeploymentPostprocessing = 0;
		};
/* End PBXResourcesBuildPhase section */

/* Begin PBXSourcesBuildPhase section */
		14CCB49922245CF700EA5E10 /* Sources */ = {
			isa = PBXSourcesBuildPhase;
			buildActionMask = 2147483647;
			files = (
				14CCB4A322245CF700EA5E10 /* ViewController.swift in Sources */,
				14CCB4CF22245DBE00EA5E10 /* assignment.swift in Sources */,
				14CCB4A122245CF700EA5E10 /* AppDelegate.swift in Sources */,
			);
			runOnlyForDeploymentPostprocessing = 0;
		};
		14CCB4AD22245CFB00EA5E10 /* Sources */ = {
			isa = PBXSourcesBuildPhase;
			buildActionMask = 2147483647;
			files = (
				14CCB4B622245CFB00EA5E10 /* AssignMentNoteBookTests.swift in Sources */,
			);
			runOnlyForDeploymentPostprocessing = 0;
		};
		14CCB4B822245CFB00EA5E10 /* Sources */ = {
			isa = PBXSourcesBuildPhase;
			buildActionMask = 2147483647;
			files = (
				14CCB4C122245CFB00EA5E10 /* AssignMentNoteBookUITests.swift in Sources */,
			);
			runOnlyForDeploymentPostprocessing = 0;
		};
/* End PBXSourcesBuildPhase section */

/* Begin PBXTargetDependency section */
		14CCB4B322245CFB00EA5E10 /* PBXTargetDependency */ = {
			isa = PBXTargetDependency;
			target = 14CCB49C22245CF700EA5E10 /* AssignMentNoteBook */;
			targetProxy = 14CCB4B222245CFB00EA5E10 /* PBXContainerItemProxy */;
		};
		14CCB4BE22245CFB00EA5E10 /* PBXTargetDependency */ = {
			isa = PBXTargetDependency;
			target = 14CCB49C22245CF700EA5E10 /* AssignMentNoteBook */;
			targetProxy = 14CCB4BD22245CFB00EA5E10 /* PBXContainerItemProxy */;
		};
/* End PBXTargetDependency section */

/* Begin PBXVariantGroup section */
		14CCB4A422245CF700EA5E10 /* Main.storyboard */ = {
			isa = PBXVariantGroup;
			children = (
				14CCB4A522245CF700EA5E10 /* Base */,
			);
			name = Main.storyboard;
			sourceTree = "<group>";
		};
		14CCB4A922245CFB00EA5E10 /* LaunchScreen.storyboard */ = {
			isa = PBXVariantGroup;
			children = (
				14CCB4AA22245CFB00EA5E10 /* Base */,
			);
			name = LaunchScreen.storyboard;
			sourceTree = "<group>";
		};
/* End PBXVariantGroup section */

/* Begin XCBuildConfiguration section */
		14CCB4C322245CFB00EA5E10 /* Debug */ = {
			isa = XCBuildConfiguration;
			buildSettings = {
				ALWAYS_SEARCH_USER_PATHS = NO;
				CLANG_ANALYZER_NONNULL = YES;
				CLANG_ANALYZER_NUMBER_OBJECT_CONVERSION = YES_AGGRESSIVE;
				CLANG_CXX_LANGUAGE_STANDARD = "gnu++14";
				CLANG_CXX_LIBRARY = "libc++";
				CLANG_ENABLE_MODULES = YES;
				CLANG_ENABLE_OBJC_ARC = YES;
				CLANG_ENABLE_OBJC_WEAK = YES;
				CLANG_WARN_BLOCK_CAPTURE_AUTORELEASING = YES;
				CLANG_WARN_BOOL_CONVERSION = YES;
				CLANG_WARN_COMMA = YES;
				CLANG_WARN_CONSTANT_CONVERSION = YES;
				CLANG_WARN_DEPRECATED_OBJC_IMPLEMENTATIONS = YES;
				CLANG_WARN_DIRECT_OBJC_ISA_USAGE = YES_ERROR;
				CLANG_WARN_DOCUMENTATION_COMMENTS = YES;
				CLANG_WARN_EMPTY_BODY = YES;
				CLANG_WARN_ENUM_CONVERSION = YES;
				CLANG_WARN_INFINITE_RECURSION = YES;
				CLANG_WARN_INT_CONVERSION = YES;
				CLANG_WARN_NON_LITERAL_NULL_CONVERSION = YES;
				CLANG_WARN_OBJC_IMPLICIT_RETAIN_SELF = YES;
				CLANG_WARN_OBJC_LITERAL_CONVERSION = YES;
				CLANG_WARN_OBJC_ROOT_CLASS = YES_ERROR;
				CLANG_WARN_RANGE_LOOP_ANALYSIS = YES;
				CLANG_WARN_STRICT_PROTOTYPES = YES;
				CLANG_WARN_SUSPICIOUS_MOVE = YES;
				CLANG_WARN_UNGUARDED_AVAILABILITY = YES_AGGRESSIVE;
				CLANG_WARN_UNREACHABLE_CODE = YES;
				CLANG_WARN__DUPLICATE_METHOD_MATCH = YES;
				CODE_SIGN_IDENTITY = "iPhone Developer";
				COPY_PHASE_STRIP = NO;
				DEBUG_INFORMATION_FORMAT = dwarf;
				ENABLE_STRICT_OBJC_MSGSEND = YES;
				ENABLE_TESTABILITY = YES;
				GCC_C_LANGUAGE_STANDARD = gnu11;
				GCC_DYNAMIC_NO_PIC = NO;
				GCC_NO_COMMON_BLOCKS = YES;
				GCC_OPTIMIZATION_LEVEL = 0;
				GCC_PREPROCESSOR_DEFINITIONS = (
					"DEBUG=1",
					"$(inherited)",
				);
				GCC_WARN_64_TO_32_BIT_CONVERSION = YES;
				GCC_WARN_ABOUT_RETURN_TYPE = YES_ERROR;
				GCC_WARN_UNDECLARED_SELECTOR = YES;
				GCC_WARN_UNINITIALIZED_AUTOS = YES_AGGRESSIVE;
				GCC_WARN_UNUSED_FUNCTION = YES;
				GCC_WARN_UNUSED_VARIABLE = YES;
				IPHONEOS_DEPLOYMENT_TARGET = 12.1;
				MTL_ENABLE_DEBUG_INFO = INCLUDE_SOURCE;
				MTL_FAST_MATH = YES;
				ONLY_ACTIVE_ARCH = YES;
				SDKROOT = iphoneos;
				SWIFT_ACTIVE_COMPILATION_CONDITIONS = DEBUG;
				SWIFT_OPTIMIZATION_LEVEL = "-Onone";
			};
			name = Debug;
		};
		14CCB4C422245CFB00EA5E10 /* Release */ = {
			isa = XCBuildConfiguration;
			buildSettings = {
				ALWAYS_SEARCH_USER_PATHS = NO;
				CLANG_ANALYZER_NONNULL = YES;
				CLANG_ANALYZER_NUMBER_OBJECT_CONVERSION = YES_AGGRESSIVE;
				CLANG_CXX_LANGUAGE_STANDARD = "gnu++14";
				CLANG_CXX_LIBRARY = "libc++";
				CLANG_ENABLE_MODULES = YES;
				CLANG_ENABLE_OBJC_ARC = YES;
				CLANG_ENABLE_OBJC_WEAK = YES;
				CLANG_WARN_BLOCK_CAPTURE_AUTORELEASING = YES;
				CLANG_WARN_BOOL_CONVERSION = YES;
				CLANG_WARN_COMMA = YES;
				CLANG_WARN_CONSTANT_CONVERSION = YES;
				CLANG_WARN_DEPRECATED_OBJC_IMPLEMENTATIONS = YES;
				CLANG_WARN_DIRECT_OBJC_ISA_USAGE = YES_ERROR;
				CLANG_WARN_DOCUMENTATION_COMMENTS = YES;
				CLANG_WARN_EMPTY_BODY = YES;
				CLANG_WARN_ENUM_CONVERSION = YES;
				CLANG_WARN_INFINITE_RECURSION = YES;
				CLANG_WARN_INT_CONVERSION = YES;
				CLANG_WARN_NON_LITERAL_NULL_CONVERSION = YES;
				CLANG_WARN_OBJC_IMPLICIT_RETAIN_SELF = YES;
				CLANG_WARN_OBJC_LITERAL_CONVERSION = YES;
				CLANG_WARN_OBJC_ROOT_CLASS = YES_ERROR;
				CLANG_WARN_RANGE_LOOP_ANALYSIS = YES;
				CLANG_WARN_STRICT_PROTOTYPES = YES;
				CLANG_WARN_SUSPICIOUS_MOVE = YES;
				CLANG_WARN_UNGUARDED_AVAILABILITY = YES_AGGRESSIVE;
				CLANG_WARN_UNREACHABLE_CODE = YES;
				CLANG_WARN__DUPLICATE_METHOD_MATCH = YES;
				CODE_SIGN_IDENTITY = "iPhone Developer";
				COPY_PHASE_STRIP = NO;
				DEBUG_INFORMATION_FORMAT = "dwarf-with-dsym";
				ENABLE_NS_ASSERTIONS = NO;
				ENABLE_STRICT_OBJC_MSGSEND = YES;
				GCC_C_LANGUAGE_STANDARD = gnu11;
				GCC_NO_COMMON_BLOCKS = YES;
				GCC_WARN_64_TO_32_BIT_CONVERSION = YES;
				GCC_WARN_ABOUT_RETURN_TYPE = YES_ERROR;
				GCC_WARN_UNDECLARED_SELECTOR = YES;
				GCC_WARN_UNINITIALIZED_AUTOS = YES_AGGRESSIVE;
				GCC_WARN_UNUSED_FUNCTION = YES;
				GCC_WARN_UNUSED_VARIABLE = YES;
				IPHONEOS_DEPLOYMENT_TARGET = 12.1;
				MTL_ENABLE_DEBUG_INFO = NO;
				MTL_FAST_MATH = YES;
				SDKROOT = iphoneos;
				SWIFT_COMPILATION_MODE = wholemodule;
				SWIFT_OPTIMIZATION_LEVEL = "-O";
				VALIDATE_PRODUCT = YES;
			};
			name = Release;
		};
		14CCB4C622245CFB00EA5E10 /* Debug */ = {
			isa = XCBuildConfiguration;
			buildSettings = {
				ASSETCATALOG_COMPILER_APPICON_NAME = AppIcon;
				CODE_SIGN_STYLE = Automatic;
				INFOPLIST_FILE = AssignMentNoteBook/Info.plist;
				LD_RUNPATH_SEARCH_PATHS = (
					"$(inherited)",
					"@executable_path/Frameworks",
				);
				PRODUCT_BUNDLE_IDENTIFIER = JohnHerseyHighschool.AssignMentNoteBook;
				PRODUCT_NAME = "$(TARGET_NAME)";
				SWIFT_VERSION = 4.2;
				TARGETED_DEVICE_FAMILY = "1,2";
			};
			name = Debug;
		};
		14CCB4C722245CFB00EA5E10 /* Release */ = {
			isa = XCBuildConfiguration;
			buildSettings = {
				ASSETCATALOG_COMPILER_APPICON_NAME = AppIcon;
				CODE_SIGN_STYLE = Automatic;
				INFOPLIST_FILE = AssignMentNoteBook/Info.plist;
				LD_RUNPATH_SEARCH_PATHS = (
					"$(inherited)",
					"@executable_path/Frameworks",
				);
				PRODUCT_BUNDLE_IDENTIFIER = JohnHerseyHighschool.AssignMentNoteBook;
				PRODUCT_NAME = "$(TARGET_NAME)";
				SWIFT_VERSION = 4.2;
				TARGETED_DEVICE_FAMILY = "1,2";
			};
			name = Release;
		};
		14CCB4C922245CFB00EA5E10 /* Debug */ = {
			isa = XCBuildConfiguration;
			buildSettings = {
				ALWAYS_EMBED_SWIFT_STANDARD_LIBRARIES = YES;
				BUNDLE_LOADER = "$(TEST_HOST)";
				CODE_SIGN_STYLE = Automatic;
				INFOPLIST_FILE = AssignMentNoteBookTests/Info.plist;
				LD_RUNPATH_SEARCH_PATHS = (
					"$(inherited)",
					"@executable_path/Frameworks",
					"@loader_path/Frameworks",
				);
				PRODUCT_BUNDLE_IDENTIFIER = JohnHerseyHighschool.AssignMentNoteBookTests;
				PRODUCT_NAME = "$(TARGET_NAME)";
				SWIFT_VERSION = 4.2;
				TARGETED_DEVICE_FAMILY = "1,2";
				TEST_HOST = "$(BUILT_PRODUCTS_DIR)/AssignMentNoteBook.app/AssignMentNoteBook";
			};
			name = Debug;
		};
		14CCB4CA22245CFB00EA5E10 /* Release */ = {
			isa = XCBuildConfiguration;
			buildSettings = {
				ALWAYS_EMBED_SWIFT_STANDARD_LIBRARIES = YES;
				BUNDLE_LOADER = "$(TEST_HOST)";
				CODE_SIGN_STYLE = Automatic;
				INFOPLIST_FILE = AssignMentNoteBookTests/Info.plist;
				LD_RUNPATH_SEARCH_PATHS = (
					"$(inherited)",
					"@executable_path/Frameworks",
					"@loader_path/Frameworks",
				);
				PRODUCT_BUNDLE_IDENTIFIER = JohnHerseyHighschool.AssignMentNoteBookTests;
				PRODUCT_NAME = "$(TARGET_NAME)";
				SWIFT_VERSION = 4.2;
				TARGETED_DEVICE_FAMILY = "1,2";
				TEST_HOST = "$(BUILT_PRODUCTS_DIR)/AssignMentNoteBook.app/AssignMentNoteBook";
			};
			name = Release;
		};
		14CCB4CC22245CFB00EA5E10 /* Debug */ = {
			isa = XCBuildConfiguration;
			buildSettings = {
				ALWAYS_EMBED_SWIFT_STANDARD_LIBRARIES = YES;
				CODE_SIGN_STYLE = Automatic;
				INFOPLIST_FILE = AssignMentNoteBookUITests/Info.plist;
				LD_RUNPATH_SEARCH_PATHS = (
					"$(inherited)",
					"@executable_path/Frameworks",
					"@loader_path/Frameworks",
				);
				PRODUCT_BUNDLE_IDENTIFIER = JohnHerseyHighschool.AssignMentNoteBookUITests;
				PRODUCT_NAME = "$(TARGET_NAME)";
				SWIFT_VERSION = 4.2;
				TARGETED_DEVICE_FAMILY = "1,2";
				TEST_TARGET_NAME = AssignMentNoteBook;
			};
			name = Debug;
		};
		14CCB4CD22245CFB00EA5E10 /* Release */ = {
			isa = XCBuildConfiguration;
			buildSettings = {
				ALWAYS_EMBED_SWIFT_STANDARD_LIBRARIES = YES;
				CODE_SIGN_STYLE = Automatic;
				INFOPLIST_FILE = AssignMentNoteBookUITests/Info.plist;
				LD_RUNPATH_SEARCH_PATHS = (
					"$(inherited)",
					"@executable_path/Frameworks",
					"@loader_path/Frameworks",
				);
				PRODUCT_BUNDLE_IDENTIFIER = JohnHerseyHighschool.AssignMentNoteBookUITests;
				PRODUCT_NAME = "$(TARGET_NAME)";
				SWIFT_VERSION = 4.2;
				TARGETED_DEVICE_FAMILY = "1,2";
				TEST_TARGET_NAME = AssignMentNoteBook;
			};
			name = Release;
		};
/* End XCBuildConfiguration section */

/* Begin XCConfigurationList section */
		14CCB49822245CF700EA5E10 /* Build configuration list for PBXProject "AssignMentNoteBook" */ = {
			isa = XCConfigurationList;
			buildConfigurations = (
				14CCB4C322245CFB00EA5E10 /* Debug */,
				14CCB4C422245CFB00EA5E10 /* Release */,
			);
			defaultConfigurationIsVisible = 0;
			defaultConfigurationName = Release;
		};
		14CCB4C522245CFB00EA5E10 /* Build configuration list for PBXNativeTarget "AssignMentNoteBook" */ = {
			isa = XCConfigurationList;
			buildConfigurations = (
				14CCB4C622245CFB00EA5E10 /* Debug */,
				14CCB4C722245CFB00EA5E10 /* Release */,
			);
			defaultConfigurationIsVisible = 0;
			defaultConfigurationName = Release;
		};
		14CCB4C822245CFB00EA5E10 /* Build configuration list for PBXNativeTarget "AssignMentNoteBookTests" */ = {
			isa = XCConfigurationList;
			buildConfigurations = (
				14CCB4C922245CFB00EA5E10 /* Debug */,
				14CCB4CA22245CFB00EA5E10 /* Release */,
			);
			defaultConfigurationIsVisible = 0;
			defaultConfigurationName = Release;
		};
		14CCB4CB22245CFB00EA5E10 /* Build configuration list for PBXNativeTarget "AssignMentNoteBookUITests" */ = {
			isa = XCConfigurationList;
			buildConfigurations = (
				14CCB4CC22245CFB00EA5E10 /* Debug */,
				14CCB4CD22245CFB00EA5E10 /* Release */,
			);
			defaultConfigurationIsVisible = 0;
			defaultConfigurationName = Release;
		};
/* End XCConfigurationList section */
	};
	rootObject = 14CCB49522245CF700EA5E10 /* Project object */;
}
